
Microsoft Visual Studio Solution File, Format Version 12.00
# Visual Studio Version 16
VisualStudioVersion = 16.0.29728.190
MinimumVisualStudioVersion = 10.0.40219.1
Project("{9A19103F-16F7-4668-BE54-9A1E7A4F7556}") = "FinanceServ", "FinanceServ\FinanceServ.csproj", "{C58C5C33-E3E8-4938-A079-D24D2D19DC6E}"
EndProject
Project("{9A19103F-16F7-4668-BE54-9A1E7A4F7556}") = "FinanceServ.DAL", "FinanceServ.DAL\FinanceServ.DAL.csproj", "{CAE41C34-B845-4598-9AC6-DCEC7C36E7FF}"
EndProject
Project("{9A19103F-16F7-4668-BE54-9A1E7A4F7556}") = "FinanceServ.Models", "FinanceServ.Models\FinanceServ.Models.csproj", "{AA7EECAC-D681-4733-86E6-822C2FA73207}"
EndProject
Project("{9A19103F-16F7-4668-BE54-9A1E7A4F7556}") = "FinanceServ.Services", "FinanceServ.Services\FinanceServ.Services.csproj", "{815D1284-2FCE-4203-8B6D-F52E78F4ADA1}"
EndProject
Project("{FAE04EC0-301F-11D3-BF4B-00C04F79EFBC}") = "FinanceServ.Repositories", "FinanceServ.Repositories\FinanceServ.Repositories.csproj", "{986DE6D2-8D46-428C-AE98-25F382F5FEF1}"
EndProject
Global
	GlobalSection(SolutionConfigurationPlatforms) = preSolution
		Debug|Any CPU = Debug|Any CPU
		Release|Any CPU = Release|Any CPU
	EndGlobalSection
	GlobalSection(ProjectConfigurationPlatforms) = postSolution
		{C58C5C33-E3E8-4938-A079-D24D2D19DC6E}.Debug|Any CPU.ActiveCfg = Debug|Any CPU
		{C58C5C33-E3E8-4938-A079-D24D2D19DC6E}.Debug|Any CPU.Build.0 = Debug|Any CPU
		{C58C5C33-E3E8-4938-A079-D24D2D19DC6E}.Release|Any CPU.ActiveCfg = Release|Any CPU
		{C58C5C33-E3E8-4938-A079-D24D2D19DC6E}.Release|Any CPU.Build.0 = Release|Any CPU
		{CAE41C34-B845-4598-9AC6-DCEC7C36E7FF}.Debug|Any CPU.ActiveCfg = Debug|Any CPU
		{CAE41C34-B845-4598-9AC6-DCEC7C36E7FF}.Debug|Any CPU.Build.0 = Debug|Any CPU
		{CAE41C34-B845-4598-9AC6-DCEC7C36E7FF}.Release|Any CPU.ActiveCfg = Release|Any CPU
		{CAE41C34-B845-4598-9AC6-DCEC7C36E7FF}.Release|Any CPU.Build.0 = Release|Any CPU
		{AA7EECAC-D681-4733-86E6-822C2FA73207}.Debug|Any CPU.ActiveCfg = Debug|Any CPU
		{AA7EECAC-D681-4733-86E6-822C2FA73207}.Debug|Any CPU.Build.0 = Debug|Any CPU
		{AA7EECAC-D681-4733-86E6-822C2FA73207}.Release|Any CPU.ActiveCfg = Release|Any CPU
		{AA7EECAC-D681-4733-86E6-822C2FA73207}.Release|Any CPU.Build.0 = Release|Any CPU
		{815D1284-2FCE-4203-8B6D-F52E78F4ADA1}.Debug|Any CPU.ActiveCfg = Debug|Any CPU
		{815D1284-2FCE-4203-8B6D-F52E78F4ADA1}.Debug|Any CPU.Build.0 = Debug|Any CPU
		{815D1284-2FCE-4203-8B6D-F52E78F4ADA1}.Release|Any CPU.ActiveCfg = Release|Any CPU
		{815D1284-2FCE-4203-8B6D-F52E78F4ADA1}.Release|Any CPU.Build.0 = Release|Any CPU
		{986DE6D2-8D46-428C-AE98-25F382F5FEF1}.Debug|Any CPU.ActiveCfg = Debug|Any CPU
		{986DE6D2-8D46-428C-AE98-25F382F5FEF1}.Debug|Any CPU.Build.0 = Debug|Any CPU
		{986DE6D2-8D46-428C-AE98-25F382F5FEF1}.Release|Any CPU.ActiveCfg = Release|Any CPU
		{986DE6D2-8D46-428C-AE98-25F382F5FEF1}.Release|Any CPU.Build.0 = Release|Any CPU
	EndGlobalSection
	GlobalSection(SolutionProperties) = preSolution
		HideSolutionNode = FALSE
	EndGlobalSection
	GlobalSection(ExtensibilityGlobals) = postSolution
		SolutionGuid = {5A34F21B-9D18-4302-8E1A-89965562AD90}
	EndGlobalSection
EndGlobal
