
Microsoft Visual Studio Solution File, Format Version 12.00
# Visual Studio Version 16
VisualStudioVersion = 16.0.29728.190
MinimumVisualStudioVersion = 10.0.40219.1
Project("{FAE04EC0-301F-11D3-BF4B-00C04F79EFBC}") = "FinanceServ", "FinanceServ\FinanceServ.csproj", "{C58C5C33-E3E8-4938-A079-D24D2D19DC6E}"
EndProject
Global
	GlobalSection(SolutionConfigurationPlatforms) = preSolution
		Debug|Any CPU = Debug|Any CPU
		Release|Any CPU = Release|Any CPU
	EndGlobalSection
	GlobalSection(ProjectConfigurationPlatforms) = postSolution
		{C58C5C33-E3E8-4938-A079-D24D2D19DC6E}.Debug|Any CPU.ActiveCfg = Debug|Any CPU
		{C58C5C33-E3E8-4938-A079-D24D2D19DC6E}.Debug|Any CPU.Build.0 = Debug|Any CPU
		{C58C5C33-E3E8-4938-A079-D24D2D19DC6E}.Release|Any CPU.ActiveCfg = Release|Any CPU
		{C58C5C33-E3E8-4938-A079-D24D2D19DC6E}.Release|Any CPU.Build.0 = Release|Any CPU
	EndGlobalSection
	GlobalSection(SolutionProperties) = preSolution
		HideSolutionNode = FALSE
	EndGlobalSection
	GlobalSection(ExtensibilityGlobals) = postSolution
		SolutionGuid = {5A34F21B-9D18-4302-8E1A-89965562AD90}
	EndGlobalSection
EndGlobal
